
Microsoft Visual Studio Solution File, Format Version 12.00
# Visual Studio Version 16
VisualStudioVersion = 16.0.31624.102
MinimumVisualStudioVersion = 10.0.40219.1
Project("{8BC9CEB8-8B4A-11D0-8D11-00A0C91BC942}") = "laba1", "laba1\laba1.vcxproj", "{6A958F45-1FCF-458F-BAA9-6F944095DED0}"
EndProject
Global
	GlobalSection(SolutionConfigurationPlatforms) = preSolution
		Debug|x64 = Debug|x64
		Debug|x86 = Debug|x86
		Release|x64 = Release|x64
		Release|x86 = Release|x86
	EndGlobalSection
	GlobalSection(ProjectConfigurationPlatforms) = postSolution
		{6A958F45-1FCF-458F-BAA9-6F944095DED0}.Debug|x64.ActiveCfg = Debug|x64
		{6A958F45-1FCF-458F-BAA9-6F944095DED0}.Debug|x64.Build.0 = Debug|x64
		{6A958F45-1FCF-458F-BAA9-6F944095DED0}.Debug|x86.ActiveCfg = Debug|Win32
		{6A958F45-1FCF-458F-BAA9-6F944095DED0}.Debug|x86.Build.0 = Debug|Win32
		{6A958F45-1FCF-458F-BAA9-6F944095DED0}.Release|x64.ActiveCfg = Release|x64
		{6A958F45-1FCF-458F-BAA9-6F944095DED0}.Release|x64.Build.0 = Release|x64
		{6A958F45-1FCF-458F-BAA9-6F944095DED0}.Release|x86.ActiveCfg = Release|Win32
		{6A958F45-1FCF-458F-BAA9-6F944095DED0}.Release|x86.Build.0 = Release|Win32
	EndGlobalSection
	GlobalSection(SolutionProperties) = preSolution
		HideSolutionNode = FALSE
	EndGlobalSection
	GlobalSection(ExtensibilityGlobals) = postSolution
		SolutionGuid = {4401B6E4-7B0E-4830-88BB-B3E5847625FD}
	EndGlobalSection
EndGlobal
